
Microsoft Visual Studio Solution File, Format Version 12.00
# Visual Studio Version 16
VisualStudioVersion = 16.0.30011.22
MinimumVisualStudioVersion = 10.0.40219.1
Project("{9A19103F-16F7-4668-BE54-9A1E7A4F7556}") = "client", "client.csproj", "{05D3806E-1FE5-4178-A011-8A34C0ABE9EF}"
EndProject
Global
	GlobalSection(SolutionConfigurationPlatforms) = preSolution
		Debug|Any CPU = Debug|Any CPU
		Release|Any CPU = Release|Any CPU
	EndGlobalSection
	GlobalSection(ProjectConfigurationPlatforms) = postSolution
		{05D3806E-1FE5-4178-A011-8A34C0ABE9EF}.Debug|Any CPU.ActiveCfg = Debug|Any CPU
		{05D3806E-1FE5-4178-A011-8A34C0ABE9EF}.Debug|Any CPU.Build.0 = Debug|Any CPU
		{05D3806E-1FE5-4178-A011-8A34C0ABE9EF}.Release|Any CPU.ActiveCfg = Release|Any CPU
		{05D3806E-1FE5-4178-A011-8A34C0ABE9EF}.Release|Any CPU.Build.0 = Release|Any CPU
	EndGlobalSection
	GlobalSection(SolutionProperties) = preSolution
		HideSolutionNode = FALSE
	EndGlobalSection
	GlobalSection(ExtensibilityGlobals) = postSolution
		SolutionGuid = {EC3C102D-A961-4F19-BDAC-EA51BE45D39A}
	EndGlobalSection
EndGlobal
